
Microsoft Visual Studio Solution File, Format Version 12.00
# Visual Studio 15
VisualStudioVersion = 15.0.27130.2036
MinimumVisualStudioVersion = 10.0.40219.1
Project("{888888A0-9F3D-457C-B088-3A5042F75D52}") = "Automatic_off_sprd", "Automatic_off_sprd\Automatic_off_sprd.pyproj", "{CF3ABFB7-9C18-4D43-9234-CA95CA1164A3}"
EndProject
Global
	GlobalSection(SolutionConfigurationPlatforms) = preSolution
		Debug|Any CPU = Debug|Any CPU
		Release|Any CPU = Release|Any CPU
	EndGlobalSection
	GlobalSection(ProjectConfigurationPlatforms) = postSolution
		{CF3ABFB7-9C18-4D43-9234-CA95CA1164A3}.Debug|Any CPU.ActiveCfg = Debug|Any CPU
		{CF3ABFB7-9C18-4D43-9234-CA95CA1164A3}.Release|Any CPU.ActiveCfg = Release|Any CPU
	EndGlobalSection
	GlobalSection(SolutionProperties) = preSolution
		HideSolutionNode = FALSE
	EndGlobalSection
	GlobalSection(ExtensibilityGlobals) = postSolution
		SolutionGuid = {2C13AD56-499C-4773-A885-CB428516B4E2}
	EndGlobalSection
EndGlobal
